// !$*UTF8*$!
{
	archiveVersion = 1;
	classes = {
	};
	objectVersion = 50;
	objects = {

/* Begin PBXBuildFile section */
		32027620264B76E4005DC905 /* AppDelegate.swift in Sources */ = {isa = PBXBuildFile; fileRef = 3202761F264B76E4005DC905 /* AppDelegate.swift */; };
		32027622264B76E4005DC905 /* SceneDelegate.swift in Sources */ = {isa = PBXBuildFile; fileRef = 32027621264B76E4005DC905 /* SceneDelegate.swift */; };
		32027624264B76E4005DC905 /* ViewController.swift in Sources */ = {isa = PBXBuildFile; fileRef = 32027623264B76E4005DC905 /* ViewController.swift */; };
		32027627264B76E5005DC905 /* Main.storyboard in Resources */ = {isa = PBXBuildFile; fileRef = 32027625264B76E5005DC905 /* Main.storyboard */; };
		32027629264B76E8005DC905 /* Assets.xcassets in Resources */ = {isa = PBXBuildFile; fileRef = 32027628264B76E8005DC905 /* Assets.xcassets */; };
		3202762C264B76E8005DC905 /* LaunchScreen.storyboard in Resources */ = {isa = PBXBuildFile; fileRef = 3202762A264B76E8005DC905 /* LaunchScreen.storyboard */; };
		BC639044B5D557CE3AF2B409 /* Pods_floatingPanel_sample_app.framework in Frameworks */ = {isa = PBXBuildFile; fileRef = 7EC228AC3E25E786E0882EDC /* Pods_floatingPanel_sample_app.framework */; };
/* End PBXBuildFile section */

/* Begin PBXFileReference section */
		3202761C264B76E4005DC905 /* floatingPanel-sample-app.app */ = {isa = PBXFileReference; explicitFileType = wrapper.application; includeInIndex = 0; path = "floatingPanel-sample-app.app"; sourceTree = BUILT_PRODUCTS_DIR; };
		3202761F264B76E4005DC905 /* AppDelegate.swift */ = {isa = PBXFileReference; lastKnownFileType = sourcecode.swift; path = AppDelegate.swift; sourceTree = "<group>"; };
		32027621264B76E4005DC905 /* SceneDelegate.swift */ = {isa = PBXFileReference; lastKnownFileType = sourcecode.swift; path = SceneDelegate.swift; sourceTree = "<group>"; };
		32027623264B76E4005DC905 /* ViewController.swift */ = {isa = PBXFileReference; lastKnownFileType = sourcecode.swift; path = ViewController.swift; sourceTree = "<group>"; };
		32027626264B76E5005DC905 /* Base */ = {isa = PBXFileReference; lastKnownFileType = file.storyboard; name = Base; path = Base.lproj/Main.storyboard; sourceTree = "<group>"; };
		32027628264B76E8005DC905 /* Assets.xcassets */ = {isa = PBXFileReference; lastKnownFileType = folder.assetcatalog; path = Assets.xcassets; sourceTree = "<group>"; };
		3202762B264B76E8005DC905 /* Base */ = {isa = PBXFileReference; lastKnownFileType = file.storyboard; name = Base; path = Base.lproj/LaunchScreen.storyboard; sourceTree = "<group>"; };
		3202762D264B76E8005DC905 /* Info.plist */ = {isa = PBXFileReference; lastKnownFileType = text.plist.xml; path = Info.plist; sourceTree = "<group>"; };
		7EC228AC3E25E786E0882EDC /* Pods_floatingPanel_sample_app.framework */ = {isa = PBXFileReference; explicitFileType = wrapper.framework; includeInIndex = 0; path = Pods_floatingPanel_sample_app.framework; sourceTree = BUILT_PRODUCTS_DIR; };
		B81679D1F83B9464776124EC /* Pods-floatingPanel-sample-app.release.xcconfig */ = {isa = PBXFileReference; includeInIndex = 1; lastKnownFileType = text.xcconfig; name = "Pods-floatingPanel-sample-app.release.xcconfig"; path = "Target Support Files/Pods-floatingPanel-sample-app/Pods-floatingPanel-sample-app.release.xcconfig"; sourceTree = "<group>"; };
		FE82F7ACDF2113C97C904880 /* Pods-floatingPanel-sample-app.debug.xcconfig */ = {isa = PBXFileReference; includeInIndex = 1; lastKnownFileType = text.xcconfig; name = "Pods-floatingPanel-sample-app.debug.xcconfig"; path = "Target Support Files/Pods-floatingPanel-sample-app/Pods-floatingPanel-sample-app.debug.xcconfig"; sourceTree = "<group>"; };
/* End PBXFileReference section */

/* Begin PBXFrameworksBuildPhase section */
		32027619264B76E4005DC905 /* Frameworks */ = {
			isa = PBXFrameworksBuildPhase;
			buildActionMask = 2147483647;
			files = (
				BC639044B5D557CE3AF2B409 /* Pods_floatingPanel_sample_app.framework in Frameworks */,
			);
			runOnlyForDeploymentPostprocessing = 0;
		};
/* End PBXFrameworksBuildPhase section */

/* Begin PBXGroup section */
		2E9BD0D607A71F9A76B5E393 /* Frameworks */ = {
			isa = PBXGroup;
			children = (
				7EC228AC3E25E786E0882EDC /* Pods_floatingPanel_sample_app.framework */,
			);
			name = Frameworks;
			sourceTree = "<group>";
		};
		32027613264B76E4005DC905 = {
			isa = PBXGroup;
			children = (
				3202761E264B76E4005DC905 /* floatingPanel-sample-app */,
				3202761D264B76E4005DC905 /* Products */,
				67F0966042363DB0C9C4343F /* Pods */,
				2E9BD0D607A71F9A76B5E393 /* Frameworks */,
			);
			sourceTree = "<group>";
		};
		3202761D264B76E4005DC905 /* Products */ = {
			isa = PBXGroup;
			children = (
				3202761C264B76E4005DC905 /* floatingPanel-sample-app.app */,
			);
			name = Products;
			sourceTree = "<group>";
		};
		3202761E264B76E4005DC905 /* floatingPanel-sample-app */ = {
			isa = PBXGroup;
			children = (
				3202761F264B76E4005DC905 /* AppDelegate.swift */,
				32027621264B76E4005DC905 /* SceneDelegate.swift */,
				32027623264B76E4005DC905 /* ViewController.swift */,
				32027625264B76E5005DC905 /* Main.storyboard */,
				32027628264B76E8005DC905 /* Assets.xcassets */,
				3202762A264B76E8005DC905 /* LaunchScreen.storyboard */,
				3202762D264B76E8005DC905 /* Info.plist */,
			);
			path = "floatingPanel-sample-app";
			sourceTree = "<group>";
		};
		67F0966042363DB0C9C4343F /* Pods */ = {
			isa = PBXGroup;
			children = (
				FE82F7ACDF2113C97C904880 /* Pods-floatingPanel-sample-app.debug.xcconfig */,
				B81679D1F83B9464776124EC /* Pods-floatingPanel-sample-app.release.xcconfig */,
			);
			name = Pods;
			path = Pods;
			sourceTree = "<group>";
		};
/* End PBXGroup section */

/* Begin PBXNativeTarget section */
		3202761B264B76E4005DC905 /* floatingPanel-sample-app */ = {
			isa = PBXNativeTarget;
			buildConfigurationList = 32027630264B76E8005DC905 /* Build configuration list for PBXNativeTarget "floatingPanel-sample-app" */;
			buildPhases = (
				911756122B32C2060E9D06EC /* [CP] Check Pods Manifest.lock */,
				32027618264B76E4005DC905 /* Sources */,
				32027619264B76E4005DC905 /* Frameworks */,
				3202761A264B76E4005DC905 /* Resources */,
				4315E9F4F201286531526D3C /* [CP] Embed Pods Frameworks */,
			);
			buildRules = (
			);
			dependencies = (
			);
			name = "floatingPanel-sample-app";
			productName = "floatingPanel-sample-app";
			productReference = 3202761C264B76E4005DC905 /* floatingPanel-sample-app.app */;
			productType = "com.apple.product-type.application";
		};
/* End PBXNativeTarget section */

/* Begin PBXProject section */
		32027614264B76E4005DC905 /* Project object */ = {
			isa = PBXProject;
			attributes = {
				LastSwiftUpdateCheck = 1240;
				LastUpgradeCheck = 1240;
				TargetAttributes = {
					3202761B264B76E4005DC905 = {
						CreatedOnToolsVersion = 12.4;
					};
				};
			};
			buildConfigurationList = 32027617264B76E4005DC905 /* Build configuration list for PBXProject "floatingPanel-sample-app" */;
			compatibilityVersion = "Xcode 9.3";
			developmentRegion = en;
			hasScannedForEncodings = 0;
			knownRegions = (
				en,
				Base,
			);
			mainGroup = 32027613264B76E4005DC905;
			productRefGroup = 3202761D264B76E4005DC905 /* Products */;
			projectDirPath = "";
			projectRoot = "";
			targets = (
				3202761B264B76E4005DC905 /* floatingPanel-sample-app */,
			);
		};
/* End PBXProject section */

/* Begin PBXResourcesBuildPhase section */
		3202761A264B76E4005DC905 /* Resources */ = {
			isa = PBXResourcesBuildPhase;
			buildActionMask = 2147483647;
			files = (
				3202762C264B76E8005DC905 /* LaunchScreen.storyboard in Resources */,
				32027629264B76E8005DC905 /* Assets.xcassets in Resources */,
				32027627264B76E5005DC905 /* Main.storyboard in Resources */,
			);
			runOnlyForDeploymentPostprocessing = 0;
		};
/* End PBXResourcesBuildPhase section */

/* Begin PBXShellScriptBuildPhase section */
		4315E9F4F201286531526D3C /* [CP] Embed Pods Frameworks */ = {
			isa = PBXShellScriptBuildPhase;
			buildActionMask = 2147483647;
			files = (
			);
			inputFileListPaths = (
				"${PODS_ROOT}/Target Support Files/Pods-floatingPanel-sample-app/Pods-floatingPanel-sample-app-frameworks-${CONFIGURATION}-input-files.xcfilelist",
			);
			name = "[CP] Embed Pods Frameworks";
			outputFileListPaths = (
				"${PODS_ROOT}/Target Support Files/Pods-floatingPanel-sample-app/Pods-floatingPanel-sample-app-frameworks-${CONFIGURATION}-output-files.xcfilelist",
			);
			runOnlyForDeploymentPostprocessing = 0;
			shellPath = /bin/sh;
			shellScript = "\"${PODS_ROOT}/Target Support Files/Pods-floatingPanel-sample-app/Pods-floatingPanel-sample-app-frameworks.sh\"\n";
			showEnvVarsInLog = 0;
		};
		911756122B32C2060E9D06EC /* [CP] Check Pods Manifest.lock */ = {
			isa = PBXShellScriptBuildPhase;
			buildActionMask = 2147483647;
			files = (
			);
			inputFileListPaths = (
			);
			inputPaths = (
				"${PODS_PODFILE_DIR_PATH}/Podfile.lock",
				"${PODS_ROOT}/Manifest.lock",
			);
			name = "[CP] Check Pods Manifest.lock";
			outputFileListPaths = (
			);
			outputPaths = (
				"$(DERIVED_FILE_DIR)/Pods-floatingPanel-sample-app-checkManifestLockResult.txt",
			);
			runOnlyForDeploymentPostprocessing = 0;
			shellPath = /bin/sh;
			shellScript = "diff \"${PODS_PODFILE_DIR_PATH}/Podfile.lock\" \"${PODS_ROOT}/Manifest.lock\" > /dev/null\nif [ $? != 0 ] ; then\n    # print error to STDERR\n    echo \"error: The sandbox is not in sync with the Podfile.lock. Run 'pod install' or update your CocoaPods installation.\" >&2\n    exit 1\nfi\n# This output is used by Xcode 'outputs' to avoid re-running this script phase.\necho \"SUCCESS\" > \"${SCRIPT_OUTPUT_FILE_0}\"\n";
			showEnvVarsInLog = 0;
		};
/* End PBXShellScriptBuildPhase section */

/* Begin PBXSourcesBuildPhase section */
		32027618264B76E4005DC905 /* Sources */ = {
			isa = PBXSourcesBuildPhase;
			buildActionMask = 2147483647;
			files = (
				32027624264B76E4005DC905 /* ViewController.swift in Sources */,
				32027620264B76E4005DC905 /* AppDelegate.swift in Sources */,
				32027622264B76E4005DC905 /* SceneDelegate.swift in Sources */,
			);
			runOnlyForDeploymentPostprocessing = 0;
		};
/* End PBXSourcesBuildPhase section */

/* Begin PBXVariantGroup section */
		32027625264B76E5005DC905 /* Main.storyboard */ = {
			isa = PBXVariantGroup;
			children = (
				32027626264B76E5005DC905 /* Base */,
			);
			name = Main.storyboard;
			sourceTree = "<group>";
		};
		3202762A264B76E8005DC905 /* LaunchScreen.storyboard */ = {
			isa = PBXVariantGroup;
			children = (
				3202762B264B76E8005DC905 /* Base */,
			);
			name = LaunchScreen.storyboard;
			sourceTree = "<group>";
		};
/* End PBXVariantGroup section */

/* Begin XCBuildConfiguration section */
		3202762E264B76E8005DC905 /* Debug */ = {
			isa = XCBuildConfiguration;
			buildSettings = {
				ALWAYS_SEARCH_USER_PATHS = NO;
				CLANG_ANALYZER_NONNULL = YES;
				CLANG_ANALYZER_NUMBER_OBJECT_CONVERSION = YES_AGGRESSIVE;
				CLANG_CXX_LANGUAGE_STANDARD = "gnu++14";
				CLANG_CXX_LIBRARY = "libc++";
				CLANG_ENABLE_MODULES = YES;
				CLANG_ENABLE_OBJC_ARC = YES;
				CLANG_ENABLE_OBJC_WEAK = YES;
				CLANG_WARN_BLOCK_CAPTURE_AUTORELEASING = YES;
				CLANG_WARN_BOOL_CONVERSION = YES;
				CLANG_WARN_COMMA = YES;
				CLANG_WARN_CONSTANT_CONVERSION = YES;
				CLANG_WARN_DEPRECATED_OBJC_IMPLEMENTATIONS = YES;
				CLANG_WARN_DIRECT_OBJC_ISA_USAGE = YES_ERROR;
				CLANG_WARN_DOCUMENTATION_COMMENTS = YES;
				CLANG_WARN_EMPTY_BODY = YES;
				CLANG_WARN_ENUM_CONVERSION = YES;
				CLANG_WARN_INFINITE_RECURSION = YES;
				CLANG_WARN_INT_CONVERSION = YES;
				CLANG_WARN_NON_LITERAL_NULL_CONVERSION = YES;
				CLANG_WARN_OBJC_IMPLICIT_RETAIN_SELF = YES;
				CLANG_WARN_OBJC_LITERAL_CONVERSION = YES;
				CLANG_WARN_OBJC_ROOT_CLASS = YES_ERROR;
				CLANG_WARN_QUOTED_INCLUDE_IN_FRAMEWORK_HEADER = YES;
				CLANG_WARN_RANGE_LOOP_ANALYSIS = YES;
				CLANG_WARN_STRICT_PROTOTYPES = YES;
				CLANG_WARN_SUSPICIOUS_MOVE = YES;
				CLANG_WARN_UNGUARDED_AVAILABILITY = YES_AGGRESSIVE;
				CLANG_WARN_UNREACHABLE_CODE = YES;
				CLANG_WARN__DUPLICATE_METHOD_MATCH = YES;
				COPY_PHASE_STRIP = NO;
				DEBUG_INFORMATION_FORMAT = dwarf;
				ENABLE_STRICT_OBJC_MSGSEND = YES;
				ENABLE_TESTABILITY = YES;
				GCC_C_LANGUAGE_STANDARD = gnu11;
				GCC_DYNAMIC_NO_PIC = NO;
				GCC_NO_COMMON_BLOCKS = YES;
				GCC_OPTIMIZATION_LEVEL = 0;
				GCC_PREPROCESSOR_DEFINITIONS = (
					"DEBUG=1",
					"$(inherited)",
				);
				GCC_WARN_64_TO_32_BIT_CONVERSION = YES;
				GCC_WARN_ABOUT_RETURN_TYPE = YES_ERROR;
				GCC_WARN_UNDECLARED_SELECTOR = YES;
				GCC_WARN_UNINITIALIZED_AUTOS = YES_AGGRESSIVE;
				GCC_WARN_UNUSED_FUNCTION = YES;
				GCC_WARN_UNUSED_VARIABLE = YES;
				IPHONEOS_DEPLOYMENT_TARGET = 14.4;
				MTL_ENABLE_DEBUG_INFO = INCLUDE_SOURCE;
				MTL_FAST_MATH = YES;
				ONLY_ACTIVE_ARCH = YES;
				SDKROOT = iphoneos;
				SWIFT_ACTIVE_COMPILATION_CONDITIONS = DEBUG;
				SWIFT_OPTIMIZATION_LEVEL = "-Onone";
			};
			name = Debug;
		};
		3202762F264B76E8005DC905 /* Release */ = {
			isa = XCBuildConfiguration;
			buildSettings = {
				ALWAYS_SEARCH_USER_PATHS = NO;
				CLANG_ANALYZER_NONNULL = YES;
				CLANG_ANALYZER_NUMBER_OBJECT_CONVERSION = YES_AGGRESSIVE;
				CLANG_CXX_LANGUAGE_STANDARD = "gnu++14";
				CLANG_CXX_LIBRARY = "libc++";
				CLANG_ENABLE_MODULES = YES;
				CLANG_ENABLE_OBJC_ARC = YES;
				CLANG_ENABLE_OBJC_WEAK = YES;
				CLANG_WARN_BLOCK_CAPTURE_AUTORELEASING = YES;
				CLANG_WARN_BOOL_CONVERSION = YES;
				CLANG_WARN_COMMA = YES;
				CLANG_WARN_CONSTANT_CONVERSION = YES;
				CLANG_WARN_DEPRECATED_OBJC_IMPLEMENTATIONS = YES;
				CLANG_WARN_DIRECT_OBJC_ISA_USAGE = YES_ERROR;
				CLANG_WARN_DOCUMENTATION_COMMENTS = YES;
				CLANG_WARN_EMPTY_BODY = YES;
				CLANG_WARN_ENUM_CONVERSION = YES;
				CLANG_WARN_INFINITE_RECURSION = YES;
				CLANG_WARN_INT_CONVERSION = YES;
				CLANG_WARN_NON_LITERAL_NULL_CONVERSION = YES;
				CLANG_WARN_OBJC_IMPLICIT_RETAIN_SELF = YES;
				CLANG_WARN_OBJC_LITERAL_CONVERSION = YES;
				CLANG_WARN_OBJC_ROOT_CLASS = YES_ERROR;
				CLANG_WARN_QUOTED_INCLUDE_IN_FRAMEWORK_HEADER = YES;
				CLANG_WARN_RANGE_LOOP_ANALYSIS = YES;
				CLANG_WARN_STRICT_PROTOTYPES = YES;
				CLANG_WARN_SUSPICIOUS_MOVE = YES;
				CLANG_WARN_UNGUARDED_AVAILABILITY = YES_AGGRESSIVE;
				CLANG_WARN_UNREACHABLE_CODE = YES;
				CLANG_WARN__DUPLICATE_METHOD_MATCH = YES;
				COPY_PHASE_STRIP = NO;
				DEBUG_INFORMATION_FORMAT = "dwarf-with-dsym";
				ENABLE_NS_ASSERTIONS = NO;
				ENABLE_STRICT_OBJC_MSGSEND = YES;
				GCC_C_LANGUAGE_STANDARD = gnu11;
				GCC_NO_COMMON_BLOCKS = YES;
				GCC_WARN_64_TO_32_BIT_CONVERSION = YES;
				GCC_WARN_ABOUT_RETURN_TYPE = YES_ERROR;
				GCC_WARN_UNDECLARED_SELECTOR = YES;
				GCC_WARN_UNINITIALIZED_AUTOS = YES_AGGRESSIVE;
				GCC_WARN_UNUSED_FUNCTION = YES;
				GCC_WARN_UNUSED_VARIABLE = YES;
				IPHONEOS_DEPLOYMENT_TARGET = 14.4;
				MTL_ENABLE_DEBUG_INFO = NO;
				MTL_FAST_MATH = YES;
				SDKROOT = iphoneos;
				SWIFT_COMPILATION_MODE = wholemodule;
				SWIFT_OPTIMIZATION_LEVEL = "-O";
				VALIDATE_PRODUCT = YES;
			};
			name = Release;
		};
		32027631264B76E8005DC905 /* Debug */ = {
			isa = XCBuildConfiguration;
			baseConfigurationReference = FE82F7ACDF2113C97C904880 /* Pods-floatingPanel-sample-app.debug.xcconfig */;
			buildSettings = {
				ASSETCATALOG_COMPILER_APPICON_NAME = AppIcon;
				ASSETCATALOG_COMPILER_GLOBAL_ACCENT_COLOR_NAME = AccentColor;
				CODE_SIGN_STYLE = Automatic;
				INFOPLIST_FILE = "floatingPanel-sample-app/Info.plist";
				LD_RUNPATH_SEARCH_PATHS = (
					"$(inherited)",
					"@executable_path/Frameworks",
				);
				PRODUCT_BUNDLE_IDENTIFIER = "com.floatingPanel-sample-app";
				PRODUCT_NAME = "$(TARGET_NAME)";
				SWIFT_VERSION = 5.0;
				TARGETED_DEVICE_FAMILY = "1,2";
			};
			name = Debug;
		};
		32027632264B76E8005DC905 /* Release */ = {
			isa = XCBuildConfiguration;
			baseConfigurationReference = B81679D1F83B9464776124EC /* Pods-floatingPanel-sample-app.release.xcconfig */;
			buildSettings = {
				ASSETCATALOG_COMPILER_APPICON_NAME = AppIcon;
				ASSETCATALOG_COMPILER_GLOBAL_ACCENT_COLOR_NAME = AccentColor;
				CODE_SIGN_STYLE = Automatic;
				INFOPLIST_FILE = "floatingPanel-sample-app/Info.plist";
				LD_RUNPATH_SEARCH_PATHS = (
					"$(inherited)",
					"@executable_path/Frameworks",
				);
				PRODUCT_BUNDLE_IDENTIFIER = "com.floatingPanel-sample-app";
				PRODUCT_NAME = "$(TARGET_NAME)";
				SWIFT_VERSION = 5.0;
				TARGETED_DEVICE_FAMILY = "1,2";
			};
			name = Release;
		};
/* End XCBuildConfiguration section */

/* Begin XCConfigurationList section */
		32027617264B76E4005DC905 /* Build configuration list for PBXProject "floatingPanel-sample-app" */ = {
			isa = XCConfigurationList;
			buildConfigurations = (
				3202762E264B76E8005DC905 /* Debug */,
				3202762F264B76E8005DC905 /* Release */,
			);
			defaultConfigurationIsVisible = 0;
			defaultConfigurationName = Release;
		};
		32027630264B76E8005DC905 /* Build configuration list for PBXNativeTarget "floatingPanel-sample-app" */ = {
			isa = XCConfigurationList;
			buildConfigurations = (
				32027631264B76E8005DC905 /* Debug */,
				32027632264B76E8005DC905 /* Release */,
			);
			defaultConfigurationIsVisible = 0;
			defaultConfigurationName = Release;
		};
/* End XCConfigurationList section */
	};
	rootObject = 32027614264B76E4005DC905 /* Project object */;
}
